Microsoft Visual Studio Solution File, Format Version 12.00
# Visual Studio 15
VisualStudioVersion = 15.0.28307.645
MinimumVisualStudioVersion = 10.0.40219.1
Project("{FAE04EC0-301F-11D3-BF4B-00C04F79EFBC}") = "cybersource-rest-client-dotnet", "cybersource-rest-client-dotnet.csproj", "{E894BC77-6102-470A-AAD6-338EB4670712}"
EndProject
Project("{FAE04EC0-301F-11D3-BF4B-00C04F79EFBC}") = "cybersource-rest-client-dotnet.Test", "test\cybersource-rest-client-dotnet.Test.csproj", "{19F1DEBC-DE5E-4517-8062-F000CD499087}"
EndProject
Global
	GlobalSection(SolutionConfigurationPlatforms) = preSolution
		Debug|Any CPU = Debug|Any CPU
		Release|Any CPU = Release|Any CPU
	EndGlobalSection
	GlobalSection(ProjectConfigurationPlatforms) = postSolution
		{E894BC77-6102-470A-AAD6-338EB4670712}.Debug|Any CPU.ActiveCfg = Debug|Any CPU
		{E894BC77-6102-470A-AAD6-338EB4670712}.Debug|Any CPU.Build.0 = Debug|Any CPU
		{E894BC77-6102-470A-AAD6-338EB4670712}.Release|Any CPU.ActiveCfg = Release|Any CPU
		{E894BC77-6102-470A-AAD6-338EB4670712}.Release|Any CPU.Build.0 = Release|Any CPU
		{19F1DEBC-DE5E-4517-8062-F000CD499087}.Debug|Any CPU.ActiveCfg = Debug|Any CPU
		{19F1DEBC-DE5E-4517-8062-F000CD499087}.Debug|Any CPU.Build.0 = Debug|Any CPU
		{19F1DEBC-DE5E-4517-8062-F000CD499087}.Release|Any CPU.ActiveCfg = Release|Any CPU
		{19F1DEBC-DE5E-4517-8062-F000CD499087}.Release|Any CPU.Build.0 = Release|Any CPU
	EndGlobalSection
	GlobalSection(SolutionProperties) = preSolution
		HideSolutionNode = FALSE
	EndGlobalSection
	GlobalSection(ExtensibilityGlobals) = postSolution
		SolutionGuid = {4C980A8A-48C4-43B4-A3E0-6E5D7CF12830}
	EndGlobalSection
EndGlobal
