Microsoft Visual Studio Solution File, Format Version 12.00
# Visual Studio Version 16
VisualStudioVersion = 16.0.30517.126
MinimumVisualStudioVersion = 10.0.40219.1
Project("{FAE04EC0-301F-11D3-BF4B-00C04F79EFBC}") = "cybersource-rest-client-dotnet", "cybersource-rest-client-dotnet.csproj", "{916D10BD-4CDB-439A-806A-A13D2F38C9DD}"
EndProject
Project("{FAE04EC0-301F-11D3-BF4B-00C04F79EFBC}") = "cybersource-rest-client-dotnet.Test", "test\cybersource-rest-client-dotnet.Test.csproj", "{19F1DEBC-DE5E-4517-8062-F000CD499087}"
EndProject
Global
	GlobalSection(SolutionConfigurationPlatforms) = preSolution
		Debug|Any CPU = Debug|Any CPU
		Release|Any CPU = Release|Any CPU
	EndGlobalSection
	GlobalSection(ProjectConfigurationPlatforms) = postSolution
		{916D10BD-4CDB-439A-806A-A13D2F38C9DD}.Debug|Any CPU.ActiveCfg = Debug|Any CPU
		{916D10BD-4CDB-439A-806A-A13D2F38C9DD}.Debug|Any CPU.Build.0 = Debug|Any CPU
		{916D10BD-4CDB-439A-806A-A13D2F38C9DD}.Release|Any CPU.ActiveCfg = Release|Any CPU
		{916D10BD-4CDB-439A-806A-A13D2F38C9DD}.Release|Any CPU.Build.0 = Release|Any CPU
		{19F1DEBC-DE5E-4517-8062-F000CD499087}.Debug|Any CPU.ActiveCfg = Debug|Any CPU
		{19F1DEBC-DE5E-4517-8062-F000CD499087}.Debug|Any CPU.Build.0 = Debug|Any CPU
		{19F1DEBC-DE5E-4517-8062-F000CD499087}.Release|Any CPU.ActiveCfg = Release|Any CPU
		{19F1DEBC-DE5E-4517-8062-F000CD499087}.Release|Any CPU.Build.0 = Release|Any CPU
	EndGlobalSection
	GlobalSection(SolutionProperties) = preSolution
		HideSolutionNode = FALSE
	EndGlobalSection
	GlobalSection(ExtensibilityGlobals) = postSolution
		SolutionGuid = {8A5AA581-6C98-490F-B407-837FBB93A131}
	EndGlobalSection
EndGlobal
