Microsoft Visual Studio Solution File, Format Version 12.00
# Visual Studio 15
VisualStudioVersion = 15.0.28307.645
MinimumVisualStudioVersion = 10.0.40219.1
Project("{FAE04EC0-301F-11D3-BF4B-00C04F79EFBC}") = "cybersource-rest-client-dotnet", "cybersource-rest-client-dotnet.csproj", "{0DE95660-A48D-412A-A5F7-931CEE7B11EB}"
EndProject
Project("{FAE04EC0-301F-11D3-BF4B-00C04F79EFBC}") = "cybersource-rest-client-dotnet.Test", "test\cybersource-rest-client-dotnet.Test.csproj", "{19F1DEBC-DE5E-4517-8062-F000CD499087}"
EndProject
Global
	GlobalSection(SolutionConfigurationPlatforms) = preSolution
		Debug|Any CPU = Debug|Any CPU
		Release|Any CPU = Release|Any CPU
	EndGlobalSection
	GlobalSection(ProjectConfigurationPlatforms) = postSolution
		{0DE95660-A48D-412A-A5F7-931CEE7B11EB}.Debug|Any CPU.ActiveCfg = Debug|Any CPU
		{0DE95660-A48D-412A-A5F7-931CEE7B11EB}.Debug|Any CPU.Build.0 = Debug|Any CPU
		{0DE95660-A48D-412A-A5F7-931CEE7B11EB}.Release|Any CPU.ActiveCfg = Release|Any CPU
		{0DE95660-A48D-412A-A5F7-931CEE7B11EB}.Release|Any CPU.Build.0 = Release|Any CPU
		{19F1DEBC-DE5E-4517-8062-F000CD499087}.Debug|Any CPU.ActiveCfg = Debug|Any CPU
		{19F1DEBC-DE5E-4517-8062-F000CD499087}.Debug|Any CPU.Build.0 = Debug|Any CPU
		{19F1DEBC-DE5E-4517-8062-F000CD499087}.Release|Any CPU.ActiveCfg = Release|Any CPU
		{19F1DEBC-DE5E-4517-8062-F000CD499087}.Release|Any CPU.Build.0 = Release|Any CPU
	EndGlobalSection
	GlobalSection(SolutionProperties) = preSolution
		HideSolutionNode = FALSE
	EndGlobalSection
	GlobalSection(ExtensibilityGlobals) = postSolution
		SolutionGuid = {88D9F9BF-F91E-492A-A74B-2C2D6884F779}
	EndGlobalSection
EndGlobal
